Microsoft Visual Studio Solution File, Format Version 12.00
# Visual Studio Version 17
VisualStudioVersion = 17.5.2.0
MinimumVisualStudioVersion = 10.0.40219.1
Project("{2150E333-8FDC-42A3-9474-1A3956D46DE8}") = "Into Frame", "Into Frame", "{DA8D6314-3937-768A-7E36-5F6340697690}"
EndProject
Project("{FAE04EC0-301F-11D3-BF4B-00C04F79EFBC}") = "Unity.XR.Interaction.Toolkit.Samples.ARStarterAssets", "Into Frame\Unity.XR.Interaction.Toolkit.Samples.ARStarterAssets.csproj", "{39C1A39C-7065-EFBB-6BC6-CEB321005B50}"
EndProject
Project("{FAE04EC0-301F-11D3-BF4B-00C04F79EFBC}") = "Unity.XR.Interaction.Toolkit.Samples.ARStarterAssets.Editor", "Into Frame\Unity.XR.Interaction.Toolkit.Samples.ARStarterAssets.Editor.csproj", "{26DE1E6C-0217-D61B-CEF3-ADC58C401DDB}"
EndProject
Project("{FAE04EC0-301F-11D3-BF4B-00C04F79EFBC}") = "Unity.XR.Interaction.Toolkit.Samples.Hands", "Into Frame\Unity.XR.Interaction.Toolkit.Samples.Hands.csproj", "{97E87DA4-E124-F1E7-1284-BB60E28FAF44}"
EndProject
Project("{FAE04EC0-301F-11D3-BF4B-00C04F79EFBC}") = "Unity.XR.Interaction.Toolkit.Samples.InteractionSimulator.Editor", "Into Frame\Unity.XR.Interaction.Toolkit.Samples.InteractionSimulator.Editor.csproj", "{9E57447A-70C9-B6AC-2FD7-E50308BA4E7B}"
EndProject
Project("{FAE04EC0-301F-11D3-BF4B-00C04F79EFBC}") = "Unity.XR.Interaction.Toolkit.Samples.Hands.Editor", "Into Frame\Unity.XR.Interaction.Toolkit.Samples.Hands.Editor.csproj", "{804D764C-6887-A21F-6537-6231AA8C9D91}"
EndProject
Project("{FAE04EC0-301F-11D3-BF4B-00C04F79EFBC}") = "Unity.XR.Hands.Samples.VisualizerSample", "Into Frame\Unity.XR.Hands.Samples.VisualizerSample.csproj", "{E9850D45-8FFE-E306-E8CF-2E2F1E37A367}"
EndProject
Project("{FAE04EC0-301F-11D3-BF4B-00C04F79EFBC}") = "Unity.XR.Interaction.Toolkit.Samples.InteractionSimulator", "Into Frame\Unity.XR.Interaction.Toolkit.Samples.InteractionSimulator.csproj", "{5236B51D-E90E-CAA1-93E1-54E07923543A}"
EndProject
Project("{FAE04EC0-301F-11D3-BF4B-00C04F79EFBC}") = "Unity.XR.Interaction.Toolkit.Samples.StarterAssets.Editor", "Into Frame\Unity.XR.Interaction.Toolkit.Samples.StarterAssets.Editor.csproj", "{14FCF99F-7AF6-2D77-07F3-39B8D215A657}"
EndProject
Project("{FAE04EC0-301F-11D3-BF4B-00C04F79EFBC}") = "Unity.XR.Interaction.Toolkit.Samples.StarterAssets", "Into Frame\Unity.XR.Interaction.Toolkit.Samples.StarterAssets.csproj", "{B260DDC1-0B91-C605-1D09-5C7A7B30AE62}"
EndProject
Project("{FAE04EC0-301F-11D3-BF4B-00C04F79EFBC}") = "Assembly-CSharp", "Into Frame\Assembly-CSharp.csproj", "{ABB8E8CB-C84B-C7C9-C640-C394EFFB1CF8}"
EndProject
Global
	GlobalSection(SolutionConfigurationPlatforms) = preSolution
		Debug|Any CPU = Debug|Any CPU
		Release|Any CPU = Release|Any CPU
	EndGlobalSection
	GlobalSection(ProjectConfigurationPlatforms) = postSolution
		{39C1A39C-7065-EFBB-6BC6-CEB321005B50}.Debug|Any CPU.ActiveCfg = Debug|Any CPU
		{39C1A39C-7065-EFBB-6BC6-CEB321005B50}.Debug|Any CPU.Build.0 = Debug|Any CPU
		{39C1A39C-7065-EFBB-6BC6-CEB321005B50}.Release|Any CPU.ActiveCfg = Release|Any CPU
		{39C1A39C-7065-EFBB-6BC6-CEB321005B50}.Release|Any CPU.Build.0 = Release|Any CPU
		{26DE1E6C-0217-D61B-CEF3-ADC58C401DDB}.Debug|Any CPU.ActiveCfg = Debug|Any CPU
		{26DE1E6C-0217-D61B-CEF3-ADC58C401DDB}.Debug|Any CPU.Build.0 = Debug|Any CPU
		{26DE1E6C-0217-D61B-CEF3-ADC58C401DDB}.Release|Any CPU.ActiveCfg = Release|Any CPU
		{26DE1E6C-0217-D61B-CEF3-ADC58C401DDB}.Release|Any CPU.Build.0 = Release|Any CPU
		{97E87DA4-E124-F1E7-1284-BB60E28FAF44}.Debug|Any CPU.ActiveCfg = Debug|Any CPU
		{97E87DA4-E124-F1E7-1284-BB60E28FAF44}.Debug|Any CPU.Build.0 = Debug|Any CPU
		{97E87DA4-E124-F1E7-1284-BB60E28FAF44}.Release|Any CPU.ActiveCfg = Release|Any CPU
		{97E87DA4-E124-F1E7-1284-BB60E28FAF44}.Release|Any CPU.Build.0 = Release|Any CPU
		{9E57447A-70C9-B6AC-2FD7-E50308BA4E7B}.Debug|Any CPU.ActiveCfg = Debug|Any CPU
		{9E57447A-70C9-B6AC-2FD7-E50308BA4E7B}.Debug|Any CPU.Build.0 = Debug|Any CPU
		{9E57447A-70C9-B6AC-2FD7-E50308BA4E7B}.Release|Any CPU.ActiveCfg = Release|Any CPU
		{9E57447A-70C9-B6AC-2FD7-E50308BA4E7B}.Release|Any CPU.Build.0 = Release|Any CPU
		{804D764C-6887-A21F-6537-6231AA8C9D91}.Debug|Any CPU.ActiveCfg = Debug|Any CPU
		{804D764C-6887-A21F-6537-6231AA8C9D91}.Debug|Any CPU.Build.0 = Debug|Any CPU
		{804D764C-6887-A21F-6537-6231AA8C9D91}.Release|Any CPU.ActiveCfg = Release|Any CPU
		{804D764C-6887-A21F-6537-6231AA8C9D91}.Release|Any CPU.Build.0 = Release|Any CPU
		{E9850D45-8FFE-E306-E8CF-2E2F1E37A367}.Debug|Any CPU.ActiveCfg = Debug|Any CPU
		{E9850D45-8FFE-E306-E8CF-2E2F1E37A367}.Debug|Any CPU.Build.0 = Debug|Any CPU
		{E9850D45-8FFE-E306-E8CF-2E2F1E37A367}.Release|Any CPU.ActiveCfg = Release|Any CPU
		{E9850D45-8FFE-E306-E8CF-2E2F1E37A367}.Release|Any CPU.Build.0 = Release|Any CPU
		{5236B51D-E90E-CAA1-93E1-54E07923543A}.Debug|Any CPU.ActiveCfg = Debug|Any CPU
		{5236B51D-E90E-CAA1-93E1-54E07923543A}.Debug|Any CPU.Build.0 = Debug|Any CPU
		{5236B51D-E90E-CAA1-93E1-54E07923543A}.Release|Any CPU.ActiveCfg = Release|Any CPU
		{5236B51D-E90E-CAA1-93E1-54E07923543A}.Release|Any CPU.Build.0 = Release|Any CPU
		{14FCF99F-7AF6-2D77-07F3-39B8D215A657}.Debug|Any CPU.ActiveCfg = Debug|Any CPU
		{14FCF99F-7AF6-2D77-07F3-39B8D215A657}.Debug|Any CPU.Build.0 = Debug|Any CPU
		{14FCF99F-7AF6-2D77-07F3-39B8D215A657}.Release|Any CPU.ActiveCfg = Release|Any CPU
		{14FCF99F-7AF6-2D77-07F3-39B8D215A657}.Release|Any CPU.Build.0 = Release|Any CPU
		{B260DDC1-0B91-C605-1D09-5C7A7B30AE62}.Debug|Any CPU.ActiveCfg = Debug|Any CPU
		{B260DDC1-0B91-C605-1D09-5C7A7B30AE62}.Debug|Any CPU.Build.0 = Debug|Any CPU
		{B260DDC1-0B91-C605-1D09-5C7A7B30AE62}.Release|Any CPU.ActiveCfg = Release|Any CPU
		{B260DDC1-0B91-C605-1D09-5C7A7B30AE62}.Release|Any CPU.Build.0 = Release|Any CPU
		{ABB8E8CB-C84B-C7C9-C640-C394EFFB1CF8}.Debug|Any CPU.ActiveCfg = Debug|Any CPU
		{ABB8E8CB-C84B-C7C9-C640-C394EFFB1CF8}.Debug|Any CPU.Build.0 = Debug|Any CPU
		{ABB8E8CB-C84B-C7C9-C640-C394EFFB1CF8}.Release|Any CPU.ActiveCfg = Release|Any CPU
		{ABB8E8CB-C84B-C7C9-C640-C394EFFB1CF8}.Release|Any CPU.Build.0 = Release|Any CPU
	EndGlobalSection
	GlobalSection(SolutionProperties) = preSolution
		HideSolutionNode = FALSE
	EndGlobalSection
	GlobalSection(NestedProjects) = preSolution
		{39C1A39C-7065-EFBB-6BC6-CEB321005B50} = {DA8D6314-3937-768A-7E36-5F6340697690}
		{26DE1E6C-0217-D61B-CEF3-ADC58C401DDB} = {DA8D6314-3937-768A-7E36-5F6340697690}
		{97E87DA4-E124-F1E7-1284-BB60E28FAF44} = {DA8D6314-3937-768A-7E36-5F6340697690}
		{9E57447A-70C9-B6AC-2FD7-E50308BA4E7B} = {DA8D6314-3937-768A-7E36-5F6340697690}
		{804D764C-6887-A21F-6537-6231AA8C9D91} = {DA8D6314-3937-768A-7E36-5F6340697690}
		{E9850D45-8FFE-E306-E8CF-2E2F1E37A367} = {DA8D6314-3937-768A-7E36-5F6340697690}
		{5236B51D-E90E-CAA1-93E1-54E07923543A} = {DA8D6314-3937-768A-7E36-5F6340697690}
		{14FCF99F-7AF6-2D77-07F3-39B8D215A657} = {DA8D6314-3937-768A-7E36-5F6340697690}
		{B260DDC1-0B91-C605-1D09-5C7A7B30AE62} = {DA8D6314-3937-768A-7E36-5F6340697690}
		{ABB8E8CB-C84B-C7C9-C640-C394EFFB1CF8} = {DA8D6314-3937-768A-7E36-5F6340697690}
	EndGlobalSection
	GlobalSection(ExtensibilityGlobals) = postSolution
		SolutionGuid = {EB625FC7-C8EA-4DDF-88D9-FD7A5683F3B2}
	EndGlobalSection
EndGlobal
